// !$*UTF8*$!
{
	archiveVersion = 1;
	classes = {
	};
	objectVersion = 51;
	objects = {

/* Begin PBXBuildFile section */
		2BBC44ACC91FC44274A950F2 /* Pods_CurrencyConverter.framework in Frameworks */ = {isa = PBXBuildFile; fileRef = 0367EEC74F1E0856674BF778 /* Pods_CurrencyConverter.framework */; };
		E249036525E929FF0070F056 /* AppDelegate.swift in Sources */ = {isa = PBXBuildFile; fileRef = E249036425E929FF0070F056 /* AppDelegate.swift */; };
		E249036725E929FF0070F056 /* SceneDelegate.swift in Sources */ = {isa = PBXBuildFile; fileRef = E249036625E929FF0070F056 /* SceneDelegate.swift */; };
		E249036925E929FF0070F056 /* CurrencyConverterViewController.swift in Sources */ = {isa = PBXBuildFile; fileRef = E249036825E929FF0070F056 /* CurrencyConverterViewController.swift */; };
		E249036E25E92A030070F056 /* Assets.xcassets in Resources */ = {isa = PBXBuildFile; fileRef = E249036D25E92A030070F056 /* Assets.xcassets */; };
		E249037125E92A030070F056 /* LaunchScreen.storyboard in Resources */ = {isa = PBXBuildFile; fileRef = E249036F25E92A030070F056 /* LaunchScreen.storyboard */; };
		E249038B25E932250070F056 /* DataClass.swift in Sources */ = {isa = PBXBuildFile; fileRef = E249038A25E932250070F056 /* DataClass.swift */; };
		E249039025E932990070F056 /* DataModel.swift in Sources */ = {isa = PBXBuildFile; fileRef = E249038F25E932990070F056 /* DataModel.swift */; };
		E249039A25E9337F0070F056 /* NetworkClass.swift in Sources */ = {isa = PBXBuildFile; fileRef = E249039925E9337F0070F056 /* NetworkClass.swift */; };
		E249039E25E934040070F056 /* StringConstants.swift in Sources */ = {isa = PBXBuildFile; fileRef = E249039D25E934040070F056 /* StringConstants.swift */; };
		E24903A325E943C40070F056 /* UIViewController+Extension.swift in Sources */ = {isa = PBXBuildFile; fileRef = E24903A225E943C40070F056 /* UIViewController+Extension.swift */; };
		E24903A725E946010070F056 /* UIButton+Extension.swift in Sources */ = {isa = PBXBuildFile; fileRef = E24903A625E946010070F056 /* UIButton+Extension.swift */; };
/* End PBXBuildFile section */

/* Begin PBXFileReference section */
		0367EEC74F1E0856674BF778 /* Pods_CurrencyConverter.framework */ = {isa = PBXFileReference; explicitFileType = wrapper.framework; includeInIndex = 0; path = Pods_CurrencyConverter.framework; sourceTree = BUILT_PRODUCTS_DIR; };
		18997A7F8145BC6671B6FD26 /* Pods-CurrencyConverter.release.xcconfig */ = {isa = PBXFileReference; includeInIndex = 1; lastKnownFileType = text.xcconfig; name = "Pods-CurrencyConverter.release.xcconfig"; path = "Target Support Files/Pods-CurrencyConverter/Pods-CurrencyConverter.release.xcconfig"; sourceTree = "<group>"; };
		BC0DCEBFFE3C9EE0001D1723 /* Pods-CurrencyConverter.debug.xcconfig */ = {isa = PBXFileReference; includeInIndex = 1; lastKnownFileType = text.xcconfig; name = "Pods-CurrencyConverter.debug.xcconfig"; path = "Target Support Files/Pods-CurrencyConverter/Pods-CurrencyConverter.debug.xcconfig"; sourceTree = "<group>"; };
		E249036125E929FF0070F056 /* CurrencyConverter.app */ = {isa = PBXFileReference; explicitFileType = wrapper.application; includeInIndex = 0; path = CurrencyConverter.app; sourceTree = BUILT_PRODUCTS_DIR; };
		E249036425E929FF0070F056 /* AppDelegate.swift */ = {isa = PBXFileReference; lastKnownFileType = sourcecode.swift; path = AppDelegate.swift; sourceTree = "<group>"; };
		E249036625E929FF0070F056 /* SceneDelegate.swift */ = {isa = PBXFileReference; lastKnownFileType = sourcecode.swift; path = SceneDelegate.swift; sourceTree = "<group>"; };
		E249036825E929FF0070F056 /* CurrencyConverterViewController.swift */ = {isa = PBXFileReference; lastKnownFileType = sourcecode.swift; path = CurrencyConverterViewController.swift; sourceTree = "<group>"; };
		E249036D25E92A030070F056 /* Assets.xcassets */ = {isa = PBXFileReference; lastKnownFileType = folder.assetcatalog; path = Assets.xcassets; sourceTree = "<group>"; };
		E249037025E92A030070F056 /* Base */ = {isa = PBXFileReference; lastKnownFileType = file.storyboard; name = Base; path = Base.lproj/LaunchScreen.storyboard; sourceTree = "<group>"; };
		E249037225E92A030070F056 /* Info.plist */ = {isa = PBXFileReference; lastKnownFileType = text.plist.xml; path = Info.plist; sourceTree = "<group>"; };
		E249038A25E932250070F056 /* DataClass.swift */ = {isa = PBXFileReference; lastKnownFileType = sourcecode.swift; path = DataClass.swift; sourceTree = "<group>"; };
		E249038F25E932990070F056 /* DataModel.swift */ = {isa = PBXFileReference; lastKnownFileType = sourcecode.swift; path = DataModel.swift; sourceTree = "<group>"; };
		E249039925E9337F0070F056 /* NetworkClass.swift */ = {isa = PBXFileReference; lastKnownFileType = sourcecode.swift; path = NetworkClass.swift; sourceTree = "<group>"; };
		E249039D25E934040070F056 /* StringConstants.swift */ = {isa = PBXFileReference; lastKnownFileType = sourcecode.swift; path = StringConstants.swift; sourceTree = "<group>"; };
		E24903A225E943C40070F056 /* UIViewController+Extension.swift */ = {isa = PBXFileReference; lastKnownFileType = sourcecode.swift; path = "UIViewController+Extension.swift"; sourceTree = "<group>"; };
		E24903A625E946010070F056 /* UIButton+Extension.swift */ = {isa = PBXFileReference; lastKnownFileType = sourcecode.swift; path = "UIButton+Extension.swift"; sourceTree = "<group>"; };
/* End PBXFileReference section */

/* Begin PBXFrameworksBuildPhase section */
		E249035E25E929FF0070F056 /* Frameworks */ = {
			isa = PBXFrameworksBuildPhase;
			buildActionMask = 2147483647;
			files = (
				2BBC44ACC91FC44274A950F2 /* Pods_CurrencyConverter.framework in Frameworks */,
			);
			runOnlyForDeploymentPostprocessing = 0;
		};
/* End PBXFrameworksBuildPhase section */

/* Begin PBXGroup section */
		23B39601C86DAC3B9D5F2084 /* Frameworks */ = {
			isa = PBXGroup;
			children = (
				0367EEC74F1E0856674BF778 /* Pods_CurrencyConverter.framework */,
			);
			name = Frameworks;
			sourceTree = "<group>";
		};
		7CB323648A296AB2AE478CA4 /* Pods */ = {
			isa = PBXGroup;
			children = (
				BC0DCEBFFE3C9EE0001D1723 /* Pods-CurrencyConverter.debug.xcconfig */,
				18997A7F8145BC6671B6FD26 /* Pods-CurrencyConverter.release.xcconfig */,
			);
			path = Pods;
			sourceTree = "<group>";
		};
		E249035825E929FF0070F056 = {
			isa = PBXGroup;
			children = (
				E249036325E929FF0070F056 /* CurrencyConverter */,
				E249036225E929FF0070F056 /* Products */,
				7CB323648A296AB2AE478CA4 /* Pods */,
				23B39601C86DAC3B9D5F2084 /* Frameworks */,
			);
			sourceTree = "<group>";
		};
		E249036225E929FF0070F056 /* Products */ = {
			isa = PBXGroup;
			children = (
				E249036125E929FF0070F056 /* CurrencyConverter.app */,
			);
			name = Products;
			sourceTree = "<group>";
		};
		E249036325E929FF0070F056 /* CurrencyConverter */ = {
			isa = PBXGroup;
			children = (
				E24903A125E943AC0070F056 /* Utilities */,
				E249039C25E933E90070F056 /* Strings */,
				E249038725E931E40070F056 /* Model */,
				E249038525E931CB0070F056 /* View */,
				E249038825E931EB0070F056 /* Controller */,
				E249036D25E92A030070F056 /* Assets.xcassets */,
				E249036F25E92A030070F056 /* LaunchScreen.storyboard */,
				E249037225E92A030070F056 /* Info.plist */,
				E249038325E931A70070F056 /* Supporting Files */,
			);
			path = CurrencyConverter;
			sourceTree = "<group>";
		};
		E249038325E931A70070F056 /* Supporting Files */ = {
			isa = PBXGroup;
			children = (
				E249036425E929FF0070F056 /* AppDelegate.swift */,
				E249036625E929FF0070F056 /* SceneDelegate.swift */,
			);
			path = "Supporting Files";
			sourceTree = "<group>";
		};
		E249038525E931CB0070F056 /* View */ = {
			isa = PBXGroup;
			children = (
				E249036825E929FF0070F056 /* CurrencyConverterViewController.swift */,
			);
			path = View;
			sourceTree = "<group>";
		};
		E249038725E931E40070F056 /* Model */ = {
			isa = PBXGroup;
			children = (
				E249038925E932070070F056 /* Data Loader */,
				E249038F25E932990070F056 /* DataModel.swift */,
			);
			path = Model;
			sourceTree = "<group>";
		};
		E249038825E931EB0070F056 /* Controller */ = {
			isa = PBXGroup;
			children = (
			);
			path = Controller;
			sourceTree = "<group>";
		};
		E249038925E932070070F056 /* Data Loader */ = {
			isa = PBXGroup;
			children = (
				E249038A25E932250070F056 /* DataClass.swift */,
				E249039925E9337F0070F056 /* NetworkClass.swift */,
			);
			path = "Data Loader";
			sourceTree = "<group>";
		};
		E249039C25E933E90070F056 /* Strings */ = {
			isa = PBXGroup;
			children = (
				E249039D25E934040070F056 /* StringConstants.swift */,
			);
			path = Strings;
			sourceTree = "<group>";
		};
		E24903A125E943AC0070F056 /* Utilities */ = {
			isa = PBXGroup;
			children = (
				E24903A225E943C40070F056 /* UIViewController+Extension.swift */,
				E24903A625E946010070F056 /* UIButton+Extension.swift */,
			);
			path = Utilities;
			sourceTree = "<group>";
		};
/* End PBXGroup section */

/* Begin PBXNativeTarget section */
		E249036025E929FF0070F056 /* CurrencyConverter */ = {
			isa = PBXNativeTarget;
			buildConfigurationList = E249037525E92A030070F056 /* Build configuration list for PBXNativeTarget "CurrencyConverter" */;
			buildPhases = (
				C6B2D61BA0C492CDC4A3AC8C /* [CP] Check Pods Manifest.lock */,
				E249035D25E929FF0070F056 /* Sources */,
				E249035E25E929FF0070F056 /* Frameworks */,
				E249035F25E929FF0070F056 /* Resources */,
				7D6D908AD47E894AA013604C /* [CP] Embed Pods Frameworks */,
			);
			buildRules = (
			);
			dependencies = (
			);
			name = CurrencyConverter;
			productName = CurrencyConverter;
			productReference = E249036125E929FF0070F056 /* CurrencyConverter.app */;
			productType = "com.apple.product-type.application";
		};
/* End PBXNativeTarget section */

/* Begin PBXProject section */
		E249035925E929FF0070F056 /* Project object */ = {
			isa = PBXProject;
			attributes = {
				LastSwiftUpdateCheck = 1240;
				LastUpgradeCheck = 1240;
				TargetAttributes = {
					E249036025E929FF0070F056 = {
						CreatedOnToolsVersion = 12.4;
					};
				};
			};
			buildConfigurationList = E249035C25E929FF0070F056 /* Build configuration list for PBXProject "CurrencyConverter" */;
			compatibilityVersion = "Xcode 9.3";
			developmentRegion = en;
			hasScannedForEncodings = 0;
			knownRegions = (
				en,
				Base,
			);
			mainGroup = E249035825E929FF0070F056;
			productRefGroup = E249036225E929FF0070F056 /* Products */;
			projectDirPath = "";
			projectRoot = "";
			targets = (
				E249036025E929FF0070F056 /* CurrencyConverter */,
			);
		};
/* End PBXProject section */

/* Begin PBXResourcesBuildPhase section */
		E249035F25E929FF0070F056 /* Resources */ = {
			isa = PBXResourcesBuildPhase;
			buildActionMask = 2147483647;
			files = (
				E249037125E92A030070F056 /* LaunchScreen.storyboard in Resources */,
				E249036E25E92A030070F056 /* Assets.xcassets in Resources */,
			);
			runOnlyForDeploymentPostprocessing = 0;
		};
/* End PBXResourcesBuildPhase section */

/* Begin PBXShellScriptBuildPhase section */
		7D6D908AD47E894AA013604C /* [CP] Embed Pods Frameworks */ = {
			isa = PBXShellScriptBuildPhase;
			buildActionMask = 2147483647;
			files = (
			);
			inputFileListPaths = (
				"${PODS_ROOT}/Target Support Files/Pods-CurrencyConverter/Pods-CurrencyConverter-frameworks-${CONFIGURATION}-input-files.xcfilelist",
			);
			name = "[CP] Embed Pods Frameworks";
			outputFileListPaths = (
				"${PODS_ROOT}/Target Support Files/Pods-CurrencyConverter/Pods-CurrencyConverter-frameworks-${CONFIGURATION}-output-files.xcfilelist",
			);
			runOnlyForDeploymentPostprocessing = 0;
			shellPath = /bin/sh;
			shellScript = "\"${PODS_ROOT}/Target Support Files/Pods-CurrencyConverter/Pods-CurrencyConverter-frameworks.sh\"\n";
			showEnvVarsInLog = 0;
		};
		C6B2D61BA0C492CDC4A3AC8C /* [CP] Check Pods Manifest.lock */ = {
			isa = PBXShellScriptBuildPhase;
			buildActionMask = 2147483647;
			files = (
			);
			inputFileListPaths = (
			);
			inputPaths = (
				"${PODS_PODFILE_DIR_PATH}/Podfile.lock",
				"${PODS_ROOT}/Manifest.lock",
			);
			name = "[CP] Check Pods Manifest.lock";
			outputFileListPaths = (
			);
			outputPaths = (
				"$(DERIVED_FILE_DIR)/Pods-CurrencyConverter-checkManifestLockResult.txt",
			);
			runOnlyForDeploymentPostprocessing = 0;
			shellPath = /bin/sh;
			shellScript = "diff \"${PODS_PODFILE_DIR_PATH}/Podfile.lock\" \"${PODS_ROOT}/Manifest.lock\" > /dev/null\nif [ $? != 0 ] ; then\n    # print error to STDERR\n    echo \"error: The sandbox is not in sync with the Podfile.lock. Run 'pod install' or update your CocoaPods installation.\" >&2\n    exit 1\nfi\n# This output is used by Xcode 'outputs' to avoid re-running this script phase.\necho \"SUCCESS\" > \"${SCRIPT_OUTPUT_FILE_0}\"\n";
			showEnvVarsInLog = 0;
		};
/* End PBXShellScriptBuildPhase section */

/* Begin PBXSourcesBuildPhase section */
		E249035D25E929FF0070F056 /* Sources */ = {
			isa = PBXSourcesBuildPhase;
			buildActionMask = 2147483647;
			files = (
				E24903A325E943C40070F056 /* UIViewController+Extension.swift in Sources */,
				E249039025E932990070F056 /* DataModel.swift in Sources */,
				E249036925E929FF0070F056 /* CurrencyConverterViewController.swift in Sources */,
				E249036525E929FF0070F056 /* AppDelegate.swift in Sources */,
				E249039E25E934040070F056 /* StringConstants.swift in Sources */,
				E24903A725E946010070F056 /* UIButton+Extension.swift in Sources */,
				E249038B25E932250070F056 /* DataClass.swift in Sources */,
				E249036725E929FF0070F056 /* SceneDelegate.swift in Sources */,
				E249039A25E9337F0070F056 /* NetworkClass.swift in Sources */,
			);
			runOnlyForDeploymentPostprocessing = 0;
		};
/* End PBXSourcesBuildPhase section */

/* Begin PBXVariantGroup section */
		E249036F25E92A030070F056 /* LaunchScreen.storyboard */ = {
			isa = PBXVariantGroup;
			children = (
				E249037025E92A030070F056 /* Base */,
			);
			name = LaunchScreen.storyboard;
			sourceTree = "<group>";
		};
/* End PBXVariantGroup section */

/* Begin XCBuildConfiguration section */
		E249037325E92A030070F056 /* Debug */ = {
			isa = XCBuildConfiguration;
			buildSettings = {
				ALWAYS_SEARCH_USER_PATHS = NO;
				CLANG_ANALYZER_NONNULL = YES;
				CLANG_ANALYZER_NUMBER_OBJECT_CONVERSION = YES_AGGRESSIVE;
				CLANG_CXX_LANGUAGE_STANDARD = "gnu++14";
				CLANG_CXX_LIBRARY = "libc++";
				CLANG_ENABLE_MODULES = YES;
				CLANG_ENABLE_OBJC_ARC = YES;
				CLANG_ENABLE_OBJC_WEAK = YES;
				CLANG_WARN_BLOCK_CAPTURE_AUTORELEASING = YES;
				CLANG_WARN_BOOL_CONVERSION = YES;
				CLANG_WARN_COMMA = YES;
				CLANG_WARN_CONSTANT_CONVERSION = YES;
				CLANG_WARN_DEPRECATED_OBJC_IMPLEMENTATIONS = YES;
				CLANG_WARN_DIRECT_OBJC_ISA_USAGE = YES_ERROR;
				CLANG_WARN_DOCUMENTATION_COMMENTS = YES;
				CLANG_WARN_EMPTY_BODY = YES;
				CLANG_WARN_ENUM_CONVERSION = YES;
				CLANG_WARN_INFINITE_RECURSION = YES;
				CLANG_WARN_INT_CONVERSION = YES;
				CLANG_WARN_NON_LITERAL_NULL_CONVERSION = YES;
				CLANG_WARN_OBJC_IMPLICIT_RETAIN_SELF = YES;
				CLANG_WARN_OBJC_LITERAL_CONVERSION = YES;
				CLANG_WARN_OBJC_ROOT_CLASS = YES_ERROR;
				CLANG_WARN_QUOTED_INCLUDE_IN_FRAMEWORK_HEADER = YES;
				CLANG_WARN_RANGE_LOOP_ANALYSIS = YES;
				CLANG_WARN_STRICT_PROTOTYPES = YES;
				CLANG_WARN_SUSPICIOUS_MOVE = YES;
				CLANG_WARN_UNGUARDED_AVAILABILITY = YES_AGGRESSIVE;
				CLANG_WARN_UNREACHABLE_CODE = YES;
				CLANG_WARN__DUPLICATE_METHOD_MATCH = YES;
				COPY_PHASE_STRIP = NO;
				DEBUG_INFORMATION_FORMAT = dwarf;
				ENABLE_STRICT_OBJC_MSGSEND = YES;
				ENABLE_TESTABILITY = YES;
				GCC_C_LANGUAGE_STANDARD = gnu11;
				GCC_DYNAMIC_NO_PIC = NO;
				GCC_NO_COMMON_BLOCKS = YES;
				GCC_OPTIMIZATION_LEVEL = 0;
				GCC_PREPROCESSOR_DEFINITIONS = (
					"DEBUG=1",
					"$(inherited)",
				);
				GCC_WARN_64_TO_32_BIT_CONVERSION = YES;
				GCC_WARN_ABOUT_RETURN_TYPE = YES_ERROR;
				GCC_WARN_UNDECLARED_SELECTOR = YES;
				GCC_WARN_UNINITIALIZED_AUTOS = YES_AGGRESSIVE;
				GCC_WARN_UNUSED_FUNCTION = YES;
				GCC_WARN_UNUSED_VARIABLE = YES;
				IPHONEOS_DEPLOYMENT_TARGET = 14.4;
				MTL_ENABLE_DEBUG_INFO = INCLUDE_SOURCE;
				MTL_FAST_MATH = YES;
				ONLY_ACTIVE_ARCH = YES;
				SDKROOT = iphoneos;
				SWIFT_ACTIVE_COMPILATION_CONDITIONS = DEBUG;
				SWIFT_OPTIMIZATION_LEVEL = "-Onone";
			};
			name = Debug;
		};
		E249037425E92A030070F056 /* Release */ = {
			isa = XCBuildConfiguration;
			buildSettings = {
				ALWAYS_SEARCH_USER_PATHS = NO;
				CLANG_ANALYZER_NONNULL = YES;
				CLANG_ANALYZER_NUMBER_OBJECT_CONVERSION = YES_AGGRESSIVE;
				CLANG_CXX_LANGUAGE_STANDARD = "gnu++14";
				CLANG_CXX_LIBRARY = "libc++";
				CLANG_ENABLE_MODULES = YES;
				CLANG_ENABLE_OBJC_ARC = YES;
				CLANG_ENABLE_OBJC_WEAK = YES;
				CLANG_WARN_BLOCK_CAPTURE_AUTORELEASING = YES;
				CLANG_WARN_BOOL_CONVERSION = YES;
				CLANG_WARN_COMMA = YES;
				CLANG_WARN_CONSTANT_CONVERSION = YES;
				CLANG_WARN_DEPRECATED_OBJC_IMPLEMENTATIONS = YES;
				CLANG_WARN_DIRECT_OBJC_ISA_USAGE = YES_ERROR;
				CLANG_WARN_DOCUMENTATION_COMMENTS = YES;
				CLANG_WARN_EMPTY_BODY = YES;
				CLANG_WARN_ENUM_CONVERSION = YES;
				CLANG_WARN_INFINITE_RECURSION = YES;
				CLANG_WARN_INT_CONVERSION = YES;
				CLANG_WARN_NON_LITERAL_NULL_CONVERSION = YES;
				CLANG_WARN_OBJC_IMPLICIT_RETAIN_SELF = YES;
				CLANG_WARN_OBJC_LITERAL_CONVERSION = YES;
				CLANG_WARN_OBJC_ROOT_CLASS = YES_ERROR;
				CLANG_WARN_QUOTED_INCLUDE_IN_FRAMEWORK_HEADER = YES;
				CLANG_WARN_RANGE_LOOP_ANALYSIS = YES;
				CLANG_WARN_STRICT_PROTOTYPES = YES;
				CLANG_WARN_SUSPICIOUS_MOVE = YES;
				CLANG_WARN_UNGUARDED_AVAILABILITY = YES_AGGRESSIVE;
				CLANG_WARN_UNREACHABLE_CODE = YES;
				CLANG_WARN__DUPLICATE_METHOD_MATCH = YES;
				COPY_PHASE_STRIP = NO;
				DEBUG_INFORMATION_FORMAT = "dwarf-with-dsym";
				ENABLE_NS_ASSERTIONS = NO;
				ENABLE_STRICT_OBJC_MSGSEND = YES;
				GCC_C_LANGUAGE_STANDARD = gnu11;
				GCC_NO_COMMON_BLOCKS = YES;
				GCC_WARN_64_TO_32_BIT_CONVERSION = YES;
				GCC_WARN_ABOUT_RETURN_TYPE = YES_ERROR;
				GCC_WARN_UNDECLARED_SELECTOR = YES;
				GCC_WARN_UNINITIALIZED_AUTOS = YES_AGGRESSIVE;
				GCC_WARN_UNUSED_FUNCTION = YES;
				GCC_WARN_UNUSED_VARIABLE = YES;
				IPHONEOS_DEPLOYMENT_TARGET = 14.4;
				MTL_ENABLE_DEBUG_INFO = NO;
				MTL_FAST_MATH = YES;
				SDKROOT = iphoneos;
				SWIFT_COMPILATION_MODE = wholemodule;
				SWIFT_OPTIMIZATION_LEVEL = "-O";
				VALIDATE_PRODUCT = YES;
			};
			name = Release;
		};
		E249037625E92A030070F056 /* Debug */ = {
			isa = XCBuildConfiguration;
			baseConfigurationReference = BC0DCEBFFE3C9EE0001D1723 /* Pods-CurrencyConverter.debug.xcconfig */;
			buildSettings = {
				ASSETCATALOG_COMPILER_APPICON_NAME = AppIcon;
				ASSETCATALOG_COMPILER_GLOBAL_ACCENT_COLOR_NAME = AccentColor;
				CODE_SIGN_STYLE = Automatic;
				DEVELOPMENT_TEAM = 68435FU9T3;
				INFOPLIST_FILE = CurrencyConverter/Info.plist;
				LD_RUNPATH_SEARCH_PATHS = (
					"$(inherited)",
					"@executable_path/Frameworks",
				);
				PRODUCT_BUNDLE_IDENTIFIER = com.ugozeal.CurrencyConverter;
				PRODUCT_NAME = "$(TARGET_NAME)";
				SWIFT_VERSION = 5.0;
				TARGETED_DEVICE_FAMILY = "1,2";
			};
			name = Debug;
		};
		E249037725E92A030070F056 /* Release */ = {
			isa = XCBuildConfiguration;
			baseConfigurationReference = 18997A7F8145BC6671B6FD26 /* Pods-CurrencyConverter.release.xcconfig */;
			buildSettings = {
				ASSETCATALOG_COMPILER_APPICON_NAME = AppIcon;
				ASSETCATALOG_COMPILER_GLOBAL_ACCENT_COLOR_NAME = AccentColor;
				CODE_SIGN_STYLE = Automatic;
				DEVELOPMENT_TEAM = 68435FU9T3;
				INFOPLIST_FILE = CurrencyConverter/Info.plist;
				LD_RUNPATH_SEARCH_PATHS = (
					"$(inherited)",
					"@executable_path/Frameworks",
				);
				PRODUCT_BUNDLE_IDENTIFIER = com.ugozeal.CurrencyConverter;
				PRODUCT_NAME = "$(TARGET_NAME)";
				SWIFT_VERSION = 5.0;
				TARGETED_DEVICE_FAMILY = "1,2";
			};
			name = Release;
		};
/* End XCBuildConfiguration section */

/* Begin XCConfigurationList section */
		E249035C25E929FF0070F056 /* Build configuration list for PBXProject "CurrencyConverter" */ = {
			isa = XCConfigurationList;
			buildConfigurations = (
				E249037325E92A030070F056 /* Debug */,
				E249037425E92A030070F056 /* Release */,
			);
			defaultConfigurationIsVisible = 0;
			defaultConfigurationName = Release;
		};
		E249037525E92A030070F056 /* Build configuration list for PBXNativeTarget "CurrencyConverter" */ = {
			isa = XCConfigurationList;
			buildConfigurations = (
				E249037625E92A030070F056 /* Debug */,
				E249037725E92A030070F056 /* Release */,
			);
			defaultConfigurationIsVisible = 0;
			defaultConfigurationName = Release;
		};
/* End XCConfigurationList section */
	};
	rootObject = E249035925E929FF0070F056 /* Project object */;
}
